
Microsoft Visual Studio Solution File, Format Version 12.00
# Visual Studio Version 17
VisualStudioVersion = 17.12.35728.132
MinimumVisualStudioVersion = 10.0.40219.1
Project("{FAE04EC0-301F-11D3-BF4B-00C04F79EFBC}") = "AuxularyApp", "AuxularyApp\AuxularyApp.csproj", "{AE18935B-5061-4625-9CF2-CB71D9F33E2B}"
EndProject
Project("{FAE04EC0-301F-11D3-BF4B-00C04F79EFBC}") = "OperatorApplication", "OperatorApplication\OperatorApplication.csproj", "{F72A493D-998B-4B04-9258-A1EFE59255C1}"
EndProject
Global
	GlobalSection(SolutionConfigurationPlatforms) = preSolution
		Debug|Any CPU = Debug|Any CPU
		Release|Any CPU = Release|Any CPU
	EndGlobalSection
	GlobalSection(ProjectConfigurationPlatforms) = postSolution
		{AE18935B-5061-4625-9CF2-CB71D9F33E2B}.Debug|Any CPU.ActiveCfg = Debug|Any CPU
		{AE18935B-5061-4625-9CF2-CB71D9F33E2B}.Debug|Any CPU.Build.0 = Debug|Any CPU
		{AE18935B-5061-4625-9CF2-CB71D9F33E2B}.Release|Any CPU.ActiveCfg = Release|Any CPU
		{AE18935B-5061-4625-9CF2-CB71D9F33E2B}.Release|Any CPU.Build.0 = Release|Any CPU
		{F72A493D-998B-4B04-9258-A1EFE59255C1}.Debug|Any CPU.ActiveCfg = Debug|Any CPU
		{F72A493D-998B-4B04-9258-A1EFE59255C1}.Debug|Any CPU.Build.0 = Debug|Any CPU
		{F72A493D-998B-4B04-9258-A1EFE59255C1}.Release|Any CPU.ActiveCfg = Release|Any CPU
		{F72A493D-998B-4B04-9258-A1EFE59255C1}.Release|Any CPU.Build.0 = Release|Any CPU
	EndGlobalSection
	GlobalSection(SolutionProperties) = preSolution
		HideSolutionNode = FALSE
	EndGlobalSection
	GlobalSection(ExtensibilityGlobals) = postSolution
		SolutionGuid = {FC6AF1B4-0C8B-4D67-9485-8B25CD78FFE4}
	EndGlobalSection
EndGlobal
